<?xml version="1.0" encoding="utf-8"?>
<Project ToolsVersion="4.0" xmlns="http://schemas.microsoft.com/developer/msbuild/2003">
  <ItemGroup>
    <Filter Include="소스 파일">
      <UniqueIdentifier>{4FC737F1-C7A5-4376-A066-2A32D752A2FF}</UniqueIdentifier>
      <Extensions>cpp;c;cc;cxx;def;odl;idl;hpj;bat;asm;asmx</Extensions>
    </Filter>
    <Filter Include="헤더 파일">
      <UniqueIdentifier>{93995380-89BD-4b04-88EB-625FBE52EBFB}</UniqueIdentifier>
      <Extensions>h;hpp;hxx;hm;inl;inc;xsd</Extensions>
    </Filter>
    <Filter Include="리소스 파일">
      <UniqueIdentifier>{67DA6AB6-F800-4c08-8B7A-83BB121AAD01}</UniqueIdentifier>
      <Extensions>rc;ico;cur;bmp;dlg;rc2;rct;bin;rgs;gif;jpg;jpeg;jpe;resx;tiff;tif;png;wav;mfcribbon-ms</Extensions>
    </Filter>
  </ItemGroup>
  <ItemGroup>
    <None Include="ReadMe.txt" />
    <None Include="res\PhotoGalmuri.rc2">
      <Filter>리소스 파일</Filter>
    </None>
    <None Include="res\PhotoGalmuriDoc.ico">
      <Filter>리소스 파일</Filter>
    </None>
    <None Include="res\PhotoGalmuri.ico">
      <Filter>리소스 파일</Filter>
    </None>
    <None Include="res\menu\menu_delete_down.bmp">
      <Filter>리소스 파일</Filter>
    </None>
    <None Include="res\menu\menu_delete_up.bmp">
      <Filter>리소스 파일</Filter>
    </None>
    <None Include="res\menu\menu_deleteall_down.bmp">
      <Filter>리소스 파일</Filter>
    </None>
    <None Include="res\menu\menu_deleteall_up.bmp">
      <Filter>리소스 파일</Filter>
    </None>
    <None Include="res\menu\menu_edit_down.bmp">
      <Filter>리소스 파일</Filter>
    </None>
    <None Include="res\menu\menu_edit_up.bmp">
      <Filter>리소스 파일</Filter>
    </None>
    <None Include="res\menu\menu_exit_down.bmp">
      <Filter>리소스 파일</Filter>
    </None>
    <None Include="res\menu\menu_exit_up.bmp">
      <Filter>리소스 파일</Filter>
    </None>
    <None Include="res\menu\menu_open_down.bmp">
      <Filter>리소스 파일</Filter>
    </None>
    <None Include="res\menu\menu_open_up.bmp">
      <Filter>리소스 파일</Filter>
    </None>
  </ItemGroup>
  <ItemGroup>
    <ClInclude Include="PhotoGalmuri.h">
      <Filter>헤더 파일</Filter>
    </ClInclude>
    <ClInclude Include="stdafx.h">
      <Filter>헤더 파일</Filter>
    </ClInclude>
    <ClInclude Include="targetver.h">
      <Filter>헤더 파일</Filter>
    </ClInclude>
    <ClInclude Include="MainFrm.h">
      <Filter>헤더 파일</Filter>
    </ClInclude>
    <ClInclude Include="GALGalmuriDoc.h">
      <Filter>헤더 파일</Filter>
    </ClInclude>
    <ClInclude Include="GALGalmuriView.h">
      <Filter>헤더 파일</Filter>
    </ClInclude>
    <ClInclude Include="Resource.h">
      <Filter>헤더 파일</Filter>
    </ClInclude>
    <ClInclude Include="GALSplitterWnd.h">
      <Filter>헤더 파일</Filter>
    </ClInclude>
    <ClInclude Include="GALMenuView.h">
      <Filter>헤더 파일</Filter>
    </ClInclude>
    <ClInclude Include="GALListOptionView.h">
      <Filter>헤더 파일</Filter>
    </ClInclude>
    <ClInclude Include="GALThumbCtrl.h">
      <Filter>헤더 파일</Filter>
    </ClInclude>
    <ClInclude Include="GALImageFeature.h">
      <Filter>헤더 파일</Filter>
    </ClInclude>
    <ClInclude Include="GALEditDialog.h">
      <Filter>헤더 파일</Filter>
    </ClInclude>
    <ClInclude Include="GALSliderCtrl.h">
      <Filter>헤더 파일</Filter>
    </ClInclude>
    <ClInclude Include="GALIntegerEdit.h">
      <Filter>헤더 파일</Filter>
    </ClInclude>
  </ItemGroup>
  <ItemGroup>
    <ClCompile Include="PhotoGalmuri.cpp">
      <Filter>소스 파일</Filter>
    </ClCompile>
    <ClCompile Include="stdafx.cpp">
      <Filter>소스 파일</Filter>
    </ClCompile>
    <ClCompile Include="MainFrm.cpp">
      <Filter>소스 파일</Filter>
    </ClCompile>
    <ClCompile Include="GALGalmuriDoc.cpp">
      <Filter>소스 파일</Filter>
    </ClCompile>
    <ClCompile Include="GALGalmuriView.cpp">
      <Filter>소스 파일</Filter>
    </ClCompile>
    <ClCompile Include="GALSplitterWnd.cpp">
      <Filter>소스 파일</Filter>
    </ClCompile>
    <ClCompile Include="GALMenuView.cpp">
      <Filter>소스 파일</Filter>
    </ClCompile>
    <ClCompile Include="GALListOptionView.cpp">
      <Filter>소스 파일</Filter>
    </ClCompile>
    <ClCompile Include="GALThumbCtrl.cpp">
      <Filter>소스 파일</Filter>
    </ClCompile>
    <ClCompile Include="GALImageFeature.cpp">
      <Filter>소스 파일</Filter>
    </ClCompile>
    <ClCompile Include="GALEditDialog.cpp">
      <Filter>소스 파일</Filter>
    </ClCompile>
    <ClCompile Include="GALSliderCtrl.cpp">
      <Filter>소스 파일</Filter>
    </ClCompile>
    <ClCompile Include="GALIntegerEdit.cpp">
      <Filter>소스 파일</Filter>
    </ClCompile>
  </ItemGroup>
  <ItemGroup>
    <ResourceCompile Include="PhotoGalmuri.rc">
      <Filter>리소스 파일</Filter>
    </ResourceCompile>
  </ItemGroup>
</Project>